
Microsoft Visual Studio Solution File, Format Version 12.00
# Visual Studio Version 16
VisualStudioVersion = 16.0.29411.108
MinimumVisualStudioVersion = 10.0.40219.1
Project("{FAE04EC0-301F-11D3-BF4B-00C04F79EFBC}") = "SportsStore", "SportsStore\SportsStore.csproj", "{0F2C0BB5-E326-4564-BD71-54B96E5A2C45}"
EndProject
Project("{FAE04EC0-301F-11D3-BF4B-00C04F79EFBC}") = "SportsStore.Tests", "SportsStore.Tests\SportsStore.Tests.csproj", "{95AC80F6-E3FA-4050-8AB1-18114CD49D41}"
EndProject
Global
	GlobalSection(SolutionConfigurationPlatforms) = preSolution
		Debug|Any CPU = Debug|Any CPU
		Release|Any CPU = Release|Any CPU
	EndGlobalSection
	GlobalSection(ProjectConfigurationPlatforms) = postSolution
		{0F2C0BB5-E326-4564-BD71-54B96E5A2C45}.Debug|Any CPU.ActiveCfg = Debug|Any CPU
		{0F2C0BB5-E326-4564-BD71-54B96E5A2C45}.Debug|Any CPU.Build.0 = Debug|Any CPU
		{0F2C0BB5-E326-4564-BD71-54B96E5A2C45}.Release|Any CPU.ActiveCfg = Release|Any CPU
		{0F2C0BB5-E326-4564-BD71-54B96E5A2C45}.Release|Any CPU.Build.0 = Release|Any CPU
		{95AC80F6-E3FA-4050-8AB1-18114CD49D41}.Debug|Any CPU.ActiveCfg = Debug|Any CPU
		{95AC80F6-E3FA-4050-8AB1-18114CD49D41}.Debug|Any CPU.Build.0 = Debug|Any CPU
		{95AC80F6-E3FA-4050-8AB1-18114CD49D41}.Release|Any CPU.ActiveCfg = Release|Any CPU
		{95AC80F6-E3FA-4050-8AB1-18114CD49D41}.Release|Any CPU.Build.0 = Release|Any CPU
	EndGlobalSection
	GlobalSection(SolutionProperties) = preSolution
		HideSolutionNode = FALSE
	EndGlobalSection
	GlobalSection(ExtensibilityGlobals) = postSolution
		SolutionGuid = {9E542B97-52F3-4BEC-B877-8AE6E02F69FF}
	EndGlobalSection
EndGlobal
